
Microsoft Visual Studio Solution File, Format Version 12.00
# Visual Studio 15
VisualStudioVersion = 15.0.26730.12
MinimumVisualStudioVersion = 10.0.40219.1
Project("{FAE04EC0-301F-11D3-BF4B-00C04F79EFBC}") = "PNGReader", "PNGReader\PNGReader.csproj", "{E96EBB2C-06CD-459D-A597-DC500B2D3B47}"
EndProject
Project("{FAE04EC0-301F-11D3-BF4B-00C04F79EFBC}") = "PNGDecoder", "PNGDecoder\PNGDecoder.csproj", "{795679BA-E848-4FD4-968C-B35D9B28DC06}"
EndProject
Global
	GlobalSection(SolutionConfigurationPlatforms) = preSolution
		Debug|Any CPU = Debug|Any CPU
		Release|Any CPU = Release|Any CPU
	EndGlobalSection
	GlobalSection(ProjectConfigurationPlatforms) = postSolution
		{E96EBB2C-06CD-459D-A597-DC500B2D3B47}.Debug|Any CPU.ActiveCfg = Debug|Any CPU
		{E96EBB2C-06CD-459D-A597-DC500B2D3B47}.Debug|Any CPU.Build.0 = Debug|Any CPU
		{E96EBB2C-06CD-459D-A597-DC500B2D3B47}.Release|Any CPU.ActiveCfg = Release|Any CPU
		{E96EBB2C-06CD-459D-A597-DC500B2D3B47}.Release|Any CPU.Build.0 = Release|Any CPU
		{795679BA-E848-4FD4-968C-B35D9B28DC06}.Debug|Any CPU.ActiveCfg = Debug|Any CPU
		{795679BA-E848-4FD4-968C-B35D9B28DC06}.Debug|Any CPU.Build.0 = Debug|Any CPU
		{795679BA-E848-4FD4-968C-B35D9B28DC06}.Release|Any CPU.ActiveCfg = Release|Any CPU
		{795679BA-E848-4FD4-968C-B35D9B28DC06}.Release|Any CPU.Build.0 = Release|Any CPU
	EndGlobalSection
	GlobalSection(SolutionProperties) = preSolution
		HideSolutionNode = FALSE
	EndGlobalSection
	GlobalSection(ExtensibilityGlobals) = postSolution
		SolutionGuid = {417E0CFA-B16C-4884-BC4F-53CEC3196632}
	EndGlobalSection
EndGlobal
